
Microsoft Visual Studio Solution File, Format Version 12.00
# Visual Studio 15
VisualStudioVersion = 15.0.27130.2036
MinimumVisualStudioVersion = 10.0.40219.1
Project("{FAE04EC0-301F-11D3-BF4B-00C04F79EFBC}") = "Wpf_SimpleCalculator", "Wpf_SimpleCalculator\Wpf_SimpleCalculator.csproj", "{2BD4F336-21BD-46C5-8399-466A37581FB4}"
EndProject
Global
	GlobalSection(SolutionConfigurationPlatforms) = preSolution
		Debug|Any CPU = Debug|Any CPU
		Release|Any CPU = Release|Any CPU
	EndGlobalSection
	GlobalSection(ProjectConfigurationPlatforms) = postSolution
		{2BD4F336-21BD-46C5-8399-466A37581FB4}.Debug|Any CPU.ActiveCfg = Debug|Any CPU
		{2BD4F336-21BD-46C5-8399-466A37581FB4}.Debug|Any CPU.Build.0 = Debug|Any CPU
		{2BD4F336-21BD-46C5-8399-466A37581FB4}.Release|Any CPU.ActiveCfg = Release|Any CPU
		{2BD4F336-21BD-46C5-8399-466A37581FB4}.Release|Any CPU.Build.0 = Release|Any CPU
	EndGlobalSection
	GlobalSection(SolutionProperties) = preSolution
		HideSolutionNode = FALSE
	EndGlobalSection
	GlobalSection(ExtensibilityGlobals) = postSolution
		SolutionGuid = {DF09A719-4E1C-4A80-B506-7F5B587C231A}
	EndGlobalSection
EndGlobal
